# This file is automatically @generated by Cargo.
# It is not intended for manual editing.
[[package]]
name = "am_es"
version = "0.1.0"
dependencies = [
 "galois_2p8",
]

[[package]]
name = "galois_2p8"
version = "0.1.1"
source = "registry+https://github.com/rust-lang/crates.io-index"
checksum = "8c6114865fc314f51f46ba06fd08e780090c3c542455e9c0b4b8854149261701"
